
Microsoft Visual Studio Solution File, Format Version 12.00
# Visual Studio 15
VisualStudioVersion = 15.0.27004.2010
MinimumVisualStudioVersion = 10.0.40219.1
Project("{FAE04EC0-301F-11D3-BF4B-00C04F79EFBC}") = "VendingMachine", "VendingMachine\VendingMachine.csproj", "{20C3C2B1-7CF8-464C-B0DD-F3DA13EBA582}"
EndProject
Project("{9A19103F-16F7-4668-BE54-9A1E7A4F7556}") = "VendingMachineTest", "VendingMachineTest\VendingMachineTest.csproj", "{210F4091-BACE-4D1A-B93C-F4DB4347D07B}"
EndProject
Global
	GlobalSection(SolutionConfigurationPlatforms) = preSolution
		Debug|Any CPU = Debug|Any CPU
		Release|Any CPU = Release|Any CPU
	EndGlobalSection
	GlobalSection(ProjectConfigurationPlatforms) = postSolution
		{20C3C2B1-7CF8-464C-B0DD-F3DA13EBA582}.Debug|Any CPU.ActiveCfg = Debug|Any CPU
		{20C3C2B1-7CF8-464C-B0DD-F3DA13EBA582}.Debug|Any CPU.Build.0 = Debug|Any CPU
		{20C3C2B1-7CF8-464C-B0DD-F3DA13EBA582}.Release|Any CPU.ActiveCfg = Release|Any CPU
		{20C3C2B1-7CF8-464C-B0DD-F3DA13EBA582}.Release|Any CPU.Build.0 = Release|Any CPU
		{210F4091-BACE-4D1A-B93C-F4DB4347D07B}.Debug|Any CPU.ActiveCfg = Debug|Any CPU
		{210F4091-BACE-4D1A-B93C-F4DB4347D07B}.Debug|Any CPU.Build.0 = Debug|Any CPU
		{210F4091-BACE-4D1A-B93C-F4DB4347D07B}.Release|Any CPU.ActiveCfg = Release|Any CPU
		{210F4091-BACE-4D1A-B93C-F4DB4347D07B}.Release|Any CPU.Build.0 = Release|Any CPU
	EndGlobalSection
	GlobalSection(SolutionProperties) = preSolution
		HideSolutionNode = FALSE
	EndGlobalSection
	GlobalSection(ExtensibilityGlobals) = postSolution
		SolutionGuid = {07B89138-AC5D-4A75-BAE9-32D22B93B811}
	EndGlobalSection
EndGlobal
